
Microsoft Visual Studio Solution File, Format Version 12.00
# Visual Studio 15
VisualStudioVersion = 15.0.27130.2020
MinimumVisualStudioVersion = 10.0.40219.1
Project("{FAE04EC0-301F-11D3-BF4B-00C04F79EFBC}") = "ArithmeticGameInstructor", "ArithmeticGame\ArithmeticGameInstructor.csproj", "{F4556EB0-60B5-412E-AC21-3F7C06C1EAFD}"
EndProject
Project("{FAE04EC0-301F-11D3-BF4B-00C04F79EFBC}") = "ArithmeticGameStudent", "ArithmeticGameStudent\ArithmeticGameStudent.csproj", "{9AB5F3E4-A684-4FF5-B193-85557118DEB8}"
EndProject
Global
	GlobalSection(SolutionConfigurationPlatforms) = preSolution
		Debug|Any CPU = Debug|Any CPU
		Release|Any CPU = Release|Any CPU
	EndGlobalSection
	GlobalSection(ProjectConfigurationPlatforms) = postSolution
		{F4556EB0-60B5-412E-AC21-3F7C06C1EAFD}.Debug|Any CPU.ActiveCfg = Debug|Any CPU
		{F4556EB0-60B5-412E-AC21-3F7C06C1EAFD}.Debug|Any CPU.Build.0 = Debug|Any CPU
		{F4556EB0-60B5-412E-AC21-3F7C06C1EAFD}.Release|Any CPU.ActiveCfg = Release|Any CPU
		{F4556EB0-60B5-412E-AC21-3F7C06C1EAFD}.Release|Any CPU.Build.0 = Release|Any CPU
		{9AB5F3E4-A684-4FF5-B193-85557118DEB8}.Debug|Any CPU.ActiveCfg = Debug|Any CPU
		{9AB5F3E4-A684-4FF5-B193-85557118DEB8}.Debug|Any CPU.Build.0 = Debug|Any CPU
		{9AB5F3E4-A684-4FF5-B193-85557118DEB8}.Release|Any CPU.ActiveCfg = Release|Any CPU
		{9AB5F3E4-A684-4FF5-B193-85557118DEB8}.Release|Any CPU.Build.0 = Release|Any CPU
	EndGlobalSection
	GlobalSection(SolutionProperties) = preSolution
		HideSolutionNode = FALSE
	EndGlobalSection
	GlobalSection(ExtensibilityGlobals) = postSolution
		SolutionGuid = {31618475-835E-4ED4-94C3-4105CF1C65B1}
	EndGlobalSection
EndGlobal
